lockfileVersion: '9.0'

settings:
  autoInstallPeers: true
  excludeLinksFromLockfile: false

importers:

  .:
    dependencies:
      zod:
        specifier: ^4.4.3
        version: 4.4.3
    devDependencies:
      '@t1xx1/tsfix':
        specifier: ^1.1.1
        version: 1.1.1
      typescript:
        specifier: ^6.0.3
        version: 6.0.3

packages:

  '@t1xx1/tsfix@1.1.1':
    resolution: {integrity: sha512-UhpOjhDf/37HCQ1A33LHbzmizs2Ohtg6YWtighMqRgkL7ITLNL1aZeIXJjgpr/Ax184iBdwaqj5S6SCs7jlQdA==}
    engines: {node: '>=24'}

  typescript@6.0.3:
    resolution: {integrity: sha512-y2TvuxSZPDyQakkFRPZHKFm+KKVqIisdg9/CZwm9ftvKXLP8NRWj38/ODjNbr43SsoXqNuAisEf1GdCxqWcdBw==}
    engines: {node: '>=14.17'}
    hasBin: true

  zod@4.4.3:
    resolution: {integrity: sha512-ytENFjIJFl2UwYglde2jchW2Hwm4GJFLDiSXWdTrJQBIN9Fcyp7n4DhxJEiWNAJMV1/BqWfW/kkg71UDcHJyTQ==}

snapshots:

  '@t1xx1/tsfix@1.1.1': {}

  typescript@6.0.3: {}

  zod@4.4.3: {}
